
Microsoft Visual Studio Solution File, Format Version 12.00
# Visual Studio 15
VisualStudioVersion = 15.0.27130.2003
MinimumVisualStudioVersion = 10.0.40219.1
Project("{FAE04EC0-301F-11D3-BF4B-00C04F79EFBC}") = "GBTC", "GBTC\GBTC.csproj", "{00E0C21D-97A7-4E35-9BA2-75FAA7053C9D}"
EndProject
Global
	GlobalSection(SolutionConfigurationPlatforms) = preSolution
		Debug|Any CPU = Debug|Any CPU
		Release|Any CPU = Release|Any CPU
	EndGlobalSection
	GlobalSection(ProjectConfigurationPlatforms) = postSolution
		{00E0C21D-97A7-4E35-9BA2-75FAA7053C9D}.Debug|Any CPU.ActiveCfg = Debug|Any CPU
		{00E0C21D-97A7-4E35-9BA2-75FAA7053C9D}.Debug|Any CPU.Build.0 = Debug|Any CPU
		{00E0C21D-97A7-4E35-9BA2-75FAA7053C9D}.Release|Any CPU.ActiveCfg = Release|Any CPU
		{00E0C21D-97A7-4E35-9BA2-75FAA7053C9D}.Release|Any CPU.Build.0 = Release|Any CPU
	EndGlobalSection
	GlobalSection(SolutionProperties) = preSolution
		HideSolutionNode = FALSE
	EndGlobalSection
	GlobalSection(ExtensibilityGlobals) = postSolution
		SolutionGuid = {A17AC3D3-1095-43CB-BBEA-F0FF2378B44E}
	EndGlobalSection
	GlobalSection(TeamFoundationVersionControl) = preSolution
		SccNumberOfProjects = 2
		SccEnterpriseProvider = {4CA58AB2-18FA-4F8D-95D4-32DDF27D184C}
		SccTeamFoundationServer = https://joenyoni.visualstudio.com/
		SccLocalPath0 = .
		SccProjectUniqueName1 = GBTC\\GBTC.csproj
		SccProjectName1 = GBTC
		SccLocalPath1 = GBTC
	EndGlobalSection
EndGlobal
